
Microsoft Visual Studio Solution File, Format Version 12.00
# Visual Studio Version 17
VisualStudioVersion = 17.0.31903.59
MinimumVisualStudioVersion = 10.0.40219.1
Project("{FAE04EC0-301F-11D3-BF4B-00C04F79EFBC}") = "Server.Api", "Server.Api\Server.Api.csproj", "{25257D1C-B41D-4ECA-A404-B5C69554E17C}"
EndProject
Project("{FAE04EC0-301F-11D3-BF4B-00C04F79EFBC}") = "Server.Application", "Server.Application\Server.Application.csproj", "{5F0D8641-B0A6-477F-9530-768C6C09B18F}"
EndProject
Project("{FAE04EC0-301F-11D3-BF4B-00C04F79EFBC}") = "Server.Contracts", "Server.Contracts\Server.Contracts.csproj", "{C8FF5AB0-69EF-4F3E-A703-A518A0C694DD}"
EndProject
Project("{FAE04EC0-301F-11D3-BF4B-00C04F79EFBC}") = "Server.Domain", "Server.Domain\Server.Domain.csproj", "{66876F93-6865-445B-A966-F211EDE2796C}"
EndProject
Project("{FAE04EC0-301F-11D3-BF4B-00C04F79EFBC}") = "Server.Infrastructure", "Server.Infrastructure\Server.Infrastructure.csproj", "{854D1ED7-4CA7-43FE-8477-DA7FD38B38A3}"
EndProject
Project("{FAE04EC0-301F-11D3-BF4B-00C04F79EFBC}") = "Server.Request.Client", "Server.Request.Client\Server.Request.Client.csproj", "{42CDC644-9057-491A-ACC2-3D620F31DF54}"
EndProject
Project("{FAE04EC0-301F-11D3-BF4B-00C04F79EFBC}") = "Server.Application.Tests", "Server.Application.Tests\Server.Application.Tests.csproj", "{48581476-8062-4DA9-BE02-0E20440748B0}"
EndProject
Project("{FAE04EC0-301F-11D3-BF4B-00C04F79EFBC}") = "Server.Infrastructure.Tests", "Server.Infrastructure.Tests\Server.Infrastructure.Tests.csproj", "{ABDE0C40-E48D-446B-A73E-B9C38C02D570}"
EndProject
Project("{E53339B2-1760-4266-BCC7-CA923CBCF16C}") = "docker-compose", "docker-compose.dcproj", "{81DDED9D-158B-E303-5F62-77A2896D2A5A}"
EndProject
Global
	GlobalSection(SolutionConfigurationPlatforms) = preSolution
		Debug|Any CPU = Debug|Any CPU
		Debug|x64 = Debug|x64
		Debug|x86 = Debug|x86
		Release|Any CPU = Release|Any CPU
		Release|x64 = Release|x64
		Release|x86 = Release|x86
	EndGlobalSection
	GlobalSection(ProjectConfigurationPlatforms) = postSolution
		{25257D1C-B41D-4ECA-A404-B5C69554E17C}.Debug|Any CPU.ActiveCfg = Debug|Any CPU
		{25257D1C-B41D-4ECA-A404-B5C69554E17C}.Debug|Any CPU.Build.0 = Debug|Any CPU
		{25257D1C-B41D-4ECA-A404-B5C69554E17C}.Debug|x64.ActiveCfg = Debug|Any CPU
		{25257D1C-B41D-4ECA-A404-B5C69554E17C}.Debug|x64.Build.0 = Debug|Any CPU
		{25257D1C-B41D-4ECA-A404-B5C69554E17C}.Debug|x86.ActiveCfg = Debug|Any CPU
		{25257D1C-B41D-4ECA-A404-B5C69554E17C}.Debug|x86.Build.0 = Debug|Any CPU
		{25257D1C-B41D-4ECA-A404-B5C69554E17C}.Release|Any CPU.ActiveCfg = Release|Any CPU
		{25257D1C-B41D-4ECA-A404-B5C69554E17C}.Release|Any CPU.Build.0 = Release|Any CPU
		{25257D1C-B41D-4ECA-A404-B5C69554E17C}.Release|x64.ActiveCfg = Release|Any CPU
		{25257D1C-B41D-4ECA-A404-B5C69554E17C}.Release|x64.Build.0 = Release|Any CPU
		{25257D1C-B41D-4ECA-A404-B5C69554E17C}.Release|x86.ActiveCfg = Release|Any CPU
		{25257D1C-B41D-4ECA-A404-B5C69554E17C}.Release|x86.Build.0 = Release|Any CPU
		{5F0D8641-B0A6-477F-9530-768C6C09B18F}.Debug|Any CPU.ActiveCfg = Debug|Any CPU
		{5F0D8641-B0A6-477F-9530-768C6C09B18F}.Debug|Any CPU.Build.0 = Debug|Any CPU
		{5F0D8641-B0A6-477F-9530-768C6C09B18F}.Debug|x64.ActiveCfg = Debug|Any CPU
		{5F0D8641-B0A6-477F-9530-768C6C09B18F}.Debug|x64.Build.0 = Debug|Any CPU
		{5F0D8641-B0A6-477F-9530-768C6C09B18F}.Debug|x86.ActiveCfg = Debug|Any CPU
		{5F0D8641-B0A6-477F-9530-768C6C09B18F}.Debug|x86.Build.0 = Debug|Any CPU
		{5F0D8641-B0A6-477F-9530-768C6C09B18F}.Release|Any CPU.ActiveCfg = Release|Any CPU
		{5F0D8641-B0A6-477F-9530-768C6C09B18F}.Release|Any CPU.Build.0 = Release|Any CPU
		{5F0D8641-B0A6-477F-9530-768C6C09B18F}.Release|x64.ActiveCfg = Release|Any CPU
		{5F0D8641-B0A6-477F-9530-768C6C09B18F}.Release|x64.Build.0 = Release|Any CPU
		{5F0D8641-B0A6-477F-9530-768C6C09B18F}.Release|x86.ActiveCfg = Release|Any CPU
		{5F0D8641-B0A6-477F-9530-768C6C09B18F}.Release|x86.Build.0 = Release|Any CPU
		{C8FF5AB0-69EF-4F3E-A703-A518A0C694DD}.Debug|Any CPU.ActiveCfg = Debug|Any CPU
		{C8FF5AB0-69EF-4F3E-A703-A518A0C694DD}.Debug|Any CPU.Build.0 = Debug|Any CPU
		{C8FF5AB0-69EF-4F3E-A703-A518A0C694DD}.Debug|x64.ActiveCfg = Debug|Any CPU
		{C8FF5AB0-69EF-4F3E-A703-A518A0C694DD}.Debug|x64.Build.0 = Debug|Any CPU
		{C8FF5AB0-69EF-4F3E-A703-A518A0C694DD}.Debug|x86.ActiveCfg = Debug|Any CPU
		{C8FF5AB0-69EF-4F3E-A703-A518A0C694DD}.Debug|x86.Build.0 = Debug|Any CPU
		{C8FF5AB0-69EF-4F3E-A703-A518A0C694DD}.Release|Any CPU.ActiveCfg = Release|Any CPU
		{C8FF5AB0-69EF-4F3E-A703-A518A0C694DD}.Release|Any CPU.Build.0 = Release|Any CPU
		{C8FF5AB0-69EF-4F3E-A703-A518A0C694DD}.Release|x64.ActiveCfg = Release|Any CPU
		{C8FF5AB0-69EF-4F3E-A703-A518A0C694DD}.Release|x64.Build.0 = Release|Any CPU
		{C8FF5AB0-69EF-4F3E-A703-A518A0C694DD}.Release|x86.ActiveCfg = Release|Any CPU
		{C8FF5AB0-69EF-4F3E-A703-A518A0C694DD}.Release|x86.Build.0 = Release|Any CPU
		{66876F93-6865-445B-A966-F211EDE2796C}.Debug|Any CPU.ActiveCfg = Debug|Any CPU
		{66876F93-6865-445B-A966-F211EDE2796C}.Debug|Any CPU.Build.0 = Debug|Any CPU
		{66876F93-6865-445B-A966-F211EDE2796C}.Debug|x64.ActiveCfg = Debug|Any CPU
		{66876F93-6865-445B-A966-F211EDE2796C}.Debug|x64.Build.0 = Debug|Any CPU
		{66876F93-6865-445B-A966-F211EDE2796C}.Debug|x86.ActiveCfg = Debug|Any CPU
		{66876F93-6865-445B-A966-F211EDE2796C}.Debug|x86.Build.0 = Debug|Any CPU
		{66876F93-6865-445B-A966-F211EDE2796C}.Release|Any CPU.ActiveCfg = Release|Any CPU
		{66876F93-6865-445B-A966-F211EDE2796C}.Release|Any CPU.Build.0 = Release|Any CPU
		{66876F93-6865-445B-A966-F211EDE2796C}.Release|x64.ActiveCfg = Release|Any CPU
		{66876F93-6865-445B-A966-F211EDE2796C}.Release|x64.Build.0 = Release|Any CPU
		{66876F93-6865-445B-A966-F211EDE2796C}.Release|x86.ActiveCfg = Release|Any CPU
		{66876F93-6865-445B-A966-F211EDE2796C}.Release|x86.Build.0 = Release|Any CPU
		{854D1ED7-4CA7-43FE-8477-DA7FD38B38A3}.Debug|Any CPU.ActiveCfg = Debug|Any CPU
		{854D1ED7-4CA7-43FE-8477-DA7FD38B38A3}.Debug|Any CPU.Build.0 = Debug|Any CPU
		{854D1ED7-4CA7-43FE-8477-DA7FD38B38A3}.Debug|x64.ActiveCfg = Debug|Any CPU
		{854D1ED7-4CA7-43FE-8477-DA7FD38B38A3}.Debug|x64.Build.0 = Debug|Any CPU
		{854D1ED7-4CA7-43FE-8477-DA7FD38B38A3}.Debug|x86.ActiveCfg = Debug|Any CPU
		{854D1ED7-4CA7-43FE-8477-DA7FD38B38A3}.Debug|x86.Build.0 = Debug|Any CPU
		{854D1ED7-4CA7-43FE-8477-DA7FD38B38A3}.Release|Any CPU.ActiveCfg = Release|Any CPU
		{854D1ED7-4CA7-43FE-8477-DA7FD38B38A3}.Release|Any CPU.Build.0 = Release|Any CPU
		{854D1ED7-4CA7-43FE-8477-DA7FD38B38A3}.Release|x64.ActiveCfg = Release|Any CPU
		{854D1ED7-4CA7-43FE-8477-DA7FD38B38A3}.Release|x64.Build.0 = Release|Any CPU
		{854D1ED7-4CA7-43FE-8477-DA7FD38B38A3}.Release|x86.ActiveCfg = Release|Any CPU
		{854D1ED7-4CA7-43FE-8477-DA7FD38B38A3}.Release|x86.Build.0 = Release|Any CPU
		{42CDC644-9057-491A-ACC2-3D620F31DF54}.Debug|Any CPU.ActiveCfg = Debug|Any CPU
		{42CDC644-9057-491A-ACC2-3D620F31DF54}.Debug|Any CPU.Build.0 = Debug|Any CPU
		{42CDC644-9057-491A-ACC2-3D620F31DF54}.Debug|x64.ActiveCfg = Debug|Any CPU
		{42CDC644-9057-491A-ACC2-3D620F31DF54}.Debug|x64.Build.0 = Debug|Any CPU
		{42CDC644-9057-491A-ACC2-3D620F31DF54}.Debug|x86.ActiveCfg = Debug|Any CPU
		{42CDC644-9057-491A-ACC2-3D620F31DF54}.Debug|x86.Build.0 = Debug|Any CPU
		{42CDC644-9057-491A-ACC2-3D620F31DF54}.Release|Any CPU.ActiveCfg = Release|Any CPU
		{42CDC644-9057-491A-ACC2-3D620F31DF54}.Release|Any CPU.Build.0 = Release|Any CPU
		{42CDC644-9057-491A-ACC2-3D620F31DF54}.Release|x64.ActiveCfg = Release|Any CPU
		{42CDC644-9057-491A-ACC2-3D620F31DF54}.Release|x64.Build.0 = Release|Any CPU
		{42CDC644-9057-491A-ACC2-3D620F31DF54}.Release|x86.ActiveCfg = Release|Any CPU
		{42CDC644-9057-491A-ACC2-3D620F31DF54}.Release|x86.Build.0 = Release|Any CPU
		{48581476-8062-4DA9-BE02-0E20440748B0}.Debug|Any CPU.ActiveCfg = Debug|Any CPU
		{48581476-8062-4DA9-BE02-0E20440748B0}.Debug|Any CPU.Build.0 = Debug|Any CPU
		{48581476-8062-4DA9-BE02-0E20440748B0}.Debug|x64.ActiveCfg = Debug|Any CPU
		{48581476-8062-4DA9-BE02-0E20440748B0}.Debug|x64.Build.0 = Debug|Any CPU
		{48581476-8062-4DA9-BE02-0E20440748B0}.Debug|x86.ActiveCfg = Debug|Any CPU
		{48581476-8062-4DA9-BE02-0E20440748B0}.Debug|x86.Build.0 = Debug|Any CPU
		{48581476-8062-4DA9-BE02-0E20440748B0}.Release|Any CPU.ActiveCfg = Release|Any CPU
		{48581476-8062-4DA9-BE02-0E20440748B0}.Release|Any CPU.Build.0 = Release|Any CPU
		{48581476-8062-4DA9-BE02-0E20440748B0}.Release|x64.ActiveCfg = Release|Any CPU
		{48581476-8062-4DA9-BE02-0E20440748B0}.Release|x64.Build.0 = Release|Any CPU
		{48581476-8062-4DA9-BE02-0E20440748B0}.Release|x86.ActiveCfg = Release|Any CPU
		{48581476-8062-4DA9-BE02-0E20440748B0}.Release|x86.Build.0 = Release|Any CPU
		{ABDE0C40-E48D-446B-A73E-B9C38C02D570}.Debug|Any CPU.ActiveCfg = Debug|Any CPU
		{ABDE0C40-E48D-446B-A73E-B9C38C02D570}.Debug|Any CPU.Build.0 = Debug|Any CPU
		{ABDE0C40-E48D-446B-A73E-B9C38C02D570}.Debug|x64.ActiveCfg = Debug|Any CPU
		{ABDE0C40-E48D-446B-A73E-B9C38C02D570}.Debug|x64.Build.0 = Debug|Any CPU
		{ABDE0C40-E48D-446B-A73E-B9C38C02D570}.Debug|x86.ActiveCfg = Debug|Any CPU
		{ABDE0C40-E48D-446B-A73E-B9C38C02D570}.Debug|x86.Build.0 = Debug|Any CPU
		{ABDE0C40-E48D-446B-A73E-B9C38C02D570}.Release|Any CPU.ActiveCfg = Release|Any CPU
		{ABDE0C40-E48D-446B-A73E-B9C38C02D570}.Release|Any CPU.Build.0 = Release|Any CPU
		{ABDE0C40-E48D-446B-A73E-B9C38C02D570}.Release|x64.ActiveCfg = Release|Any CPU
		{ABDE0C40-E48D-446B-A73E-B9C38C02D570}.Release|x64.Build.0 = Release|Any CPU
		{ABDE0C40-E48D-446B-A73E-B9C38C02D570}.Release|x86.ActiveCfg = Release|Any CPU
		{ABDE0C40-E48D-446B-A73E-B9C38C02D570}.Release|x86.Build.0 = Release|Any CPU
		{81DDED9D-158B-E303-5F62-77A2896D2A5A}.Debug|Any CPU.ActiveCfg = Debug|Any CPU
		{81DDED9D-158B-E303-5F62-77A2896D2A5A}.Debug|Any CPU.Build.0 = Debug|Any CPU
		{81DDED9D-158B-E303-5F62-77A2896D2A5A}.Debug|x64.ActiveCfg = Debug|Any CPU
		{81DDED9D-158B-E303-5F62-77A2896D2A5A}.Debug|x64.Build.0 = Debug|Any CPU
		{81DDED9D-158B-E303-5F62-77A2896D2A5A}.Debug|x86.ActiveCfg = Debug|Any CPU
		{81DDED9D-158B-E303-5F62-77A2896D2A5A}.Debug|x86.Build.0 = Debug|Any CPU
		{81DDED9D-158B-E303-5F62-77A2896D2A5A}.Release|Any CPU.ActiveCfg = Release|Any CPU
		{81DDED9D-158B-E303-5F62-77A2896D2A5A}.Release|Any CPU.Build.0 = Release|Any CPU
		{81DDED9D-158B-E303-5F62-77A2896D2A5A}.Release|x64.ActiveCfg = Release|Any CPU
		{81DDED9D-158B-E303-5F62-77A2896D2A5A}.Release|x64.Build.0 = Release|Any CPU
		{81DDED9D-158B-E303-5F62-77A2896D2A5A}.Release|x86.ActiveCfg = Release|Any CPU
		{81DDED9D-158B-E303-5F62-77A2896D2A5A}.Release|x86.Build.0 = Release|Any CPU
	EndGlobalSection
	GlobalSection(SolutionProperties) = preSolution
		HideSolutionNode = FALSE
	EndGlobalSection
	GlobalSection(ExtensibilityGlobals) = postSolution
		SolutionGuid = {E22425F1-AB43-4D61-B82E-2C728297D434}
	EndGlobalSection
EndGlobal
